// !$*UTF8*$!
{
	archiveVersion = 1;
	classes = {
	};
	objectVersion = 46;
	objects = {

/* Begin PBXBuildFile section */
		BCD79CDF1E7A714000F50DC4 /* AppDelegate.swift in Sources */ = {isa = PBXBuildFile; fileRef = BCD79CDE1E7A714000F50DC4 /* AppDelegate.swift */; };
		BCD79CE11E7A714000F50DC4 /* ViewController.swift in Sources */ = {isa = PBXBuildFile; fileRef = BCD79CE01E7A714000F50DC4 /* ViewController.swift */; };
		BCD79CE41E7A714000F50DC4 /* Main.storyboard in Resources */ = {isa = PBXBuildFile; fileRef = BCD79CE21E7A714000F50DC4 /* Main.storyboard */; };
		BCD79CE61E7A714000F50DC4 /* Assets.xcassets in Resources */ = {isa = PBXBuildFile; fileRef = BCD79CE51E7A714000F50DC4 /* Assets.xcassets */; };
		BCD79CE91E7A714000F50DC4 /* LaunchScreen.storyboard in Resources */ = {isa = PBXBuildFile; fileRef = BCD79CE71E7A714000F50DC4 /* LaunchScreen.storyboard */; };
/* End PBXBuildFile section */

/* Begin PBXFileReference section */
		BCD79CDB1E7A714000F50DC4 /* Pagination.app */ = {isa = PBXFileReference; explicitFileType = wrapper.application; includeInIndex = 0; path = Pagination.app; sourceTree = BUILT_PRODUCTS_DIR; };
		BCD79CDE1E7A714000F50DC4 /* AppDelegate.swift */ = {isa = PBXFileReference; lastKnownFileType = sourcecode.swift; path = AppDelegate.swift; sourceTree = "<group>"; };
		BCD79CE01E7A714000F50DC4 /* ViewController.swift */ = {isa = PBXFileReference; lastKnownFileType = sourcecode.swift; path = ViewController.swift; sourceTree = "<group>"; };
		BCD79CE31E7A714000F50DC4 /* Base */ = {isa = PBXFileReference; lastKnownFileType = file.storyboard; name = Base; path = Base.lproj/Main.storyboard; sourceTree = "<group>"; };
		BCD79CE51E7A714000F50DC4 /* Assets.xcassets */ = {isa = PBXFileReference; lastKnownFileType = folder.assetcatalog; path = Assets.xcassets; sourceTree = "<group>"; };
		BCD79CE81E7A714000F50DC4 /* Base */ = {isa = PBXFileReference; lastKnownFileType = file.storyboard; name = Base; path = Base.lproj/LaunchScreen.storyboard; sourceTree = "<group>"; };
		BCD79CEA1E7A714000F50DC4 /* Info.plist */ = {isa = PBXFileReference; lastKnownFileType = text.plist.xml; path = Info.plist; sourceTree = "<group>"; };
/* End PBXFileReference section */

/* Begin PBXFrameworksBuildPhase section */
		BCD79CD81E7A714000F50DC4 /* Frameworks */ = {
			isa = PBXFrameworksBuildPhase;
			buildActionMask = 2147483647;
			files = (
			);
			runOnlyForDeploymentPostprocessing = 0;
		};
/* End PBXFrameworksBuildPhase section */

/* Begin PBXGroup section */
		BCD79CD21E7A714000F50DC4 = {
			isa = PBXGroup;
			children = (
				BCD79CDD1E7A714000F50DC4 /* Pagination */,
				BCD79CDC1E7A714000F50DC4 /* Products */,
			);
			sourceTree = "<group>";
		};
		BCD79CDC1E7A714000F50DC4 /* Products */ = {
			isa = PBXGroup;
			children = (
				BCD79CDB1E7A714000F50DC4 /* Pagination.app */,
			);
			name = Products;
			sourceTree = "<group>";
		};
		BCD79CDD1E7A714000F50DC4 /* Pagination */ = {
			isa = PBXGroup;
			children = (
				BCD79CDE1E7A714000F50DC4 /* AppDelegate.swift */,
				BCD79CE01E7A714000F50DC4 /* ViewController.swift */,
				BCD79CE21E7A714000F50DC4 /* Main.storyboard */,
				BCD79CE51E7A714000F50DC4 /* Assets.xcassets */,
				BCD79CE71E7A714000F50DC4 /* LaunchScreen.storyboard */,
				BCD79CEA1E7A714000F50DC4 /* Info.plist */,
			);
			path = Pagination;
			sourceTree = "<group>";
		};
/* End PBXGroup section */

/* Begin PBXNativeTarget section */
		BCD79CDA1E7A714000F50DC4 /* Pagination */ = {
			isa = PBXNativeTarget;
			buildConfigurationList = BCD79CED1E7A714000F50DC4 /* Build configuration list for PBXNativeTarget "Pagination" */;
			buildPhases = (
				BCD79CD71E7A714000F50DC4 /* Sources */,
				BCD79CD81E7A714000F50DC4 /* Frameworks */,
				BCD79CD91E7A714000F50DC4 /* Resources */,
			);
			buildRules = (
			);
			dependencies = (
			);
			name = Pagination;
			productName = Pagination;
			productReference = BCD79CDB1E7A714000F50DC4 /* Pagination.app */;
			productType = "com.apple.product-type.application";
		};
/* End PBXNativeTarget section */

/* Begin PBXProject section */
		BCD79CD31E7A714000F50DC4 /* Project object */ = {
			isa = PBXProject;
			attributes = {
				LastSwiftUpdateCheck = 0730;
				LastUpgradeCheck = 0730;
				ORGANIZATIONNAME = "LA Argon";
				TargetAttributes = {
					BCD79CDA1E7A714000F50DC4 = {
						CreatedOnToolsVersion = 7.3.1;
					};
				};
			};
			buildConfigurationList = BCD79CD61E7A714000F50DC4 /* Build configuration list for PBXProject "Pagination" */;
			compatibilityVersion = "Xcode 3.2";
			developmentRegion = English;
			hasScannedForEncodings = 0;
			knownRegions = (
				en,
				Base,
			);
			mainGroup = BCD79CD21E7A714000F50DC4;
			productRefGroup = BCD79CDC1E7A714000F50DC4 /* Products */;
			projectDirPath = "";
			projectRoot = "";
			targets = (
				BCD79CDA1E7A714000F50DC4 /* Pagination */,
			);
		};
/* End PBXProject section */

/* Begin PBXResourcesBuildPhase section */
		BCD79CD91E7A714000F50DC4 /* Resources */ = {
			isa = PBXResourcesBuildPhase;
			buildActionMask = 2147483647;
			files = (
				BCD79CE91E7A714000F50DC4 /* LaunchScreen.storyboard in Resources */,
				BCD79CE61E7A714000F50DC4 /* Assets.xcassets in Resources */,
				BCD79CE41E7A714000F50DC4 /* Main.storyboard in Resources */,
			);
			runOnlyForDeploymentPostprocessing = 0;
		};
/* End PBXResourcesBuildPhase section */

/* Begin PBXSourcesBuildPhase section */
		BCD79CD71E7A714000F50DC4 /* Sources */ = {
			isa = PBXSourcesBuildPhase;
			buildActionMask = 2147483647;
			files = (
				BCD79CE11E7A714000F50DC4 /* ViewController.swift in Sources */,
				BCD79CDF1E7A714000F50DC4 /* AppDelegate.swift in Sources */,
			);
			runOnlyForDeploymentPostprocessing = 0;
		};
/* End PBXSourcesBuildPhase section */

/* Begin PBXVariantGroup section */
		BCD79CE21E7A714000F50DC4 /* Main.storyboard */ = {
			isa = PBXVariantGroup;
			children = (
				BCD79CE31E7A714000F50DC4 /* Base */,
			);
			name = Main.storyboard;
			sourceTree = "<group>";
		};
		BCD79CE71E7A714000F50DC4 /* LaunchScreen.storyboard */ = {
			isa = PBXVariantGroup;
			children = (
				BCD79CE81E7A714000F50DC4 /* Base */,
			);
			name = LaunchScreen.storyboard;
			sourceTree = "<group>";
		};
/* End PBXVariantGroup section */

/* Begin XCBuildConfiguration section */
		BCD79CEB1E7A714000F50DC4 /* Debug */ = {
			isa = XCBuildConfiguration;
			buildSettings = {
				ALWAYS_SEARCH_USER_PATHS = NO;
				CLANG_ANALYZER_NONNULL = YES;
				CLANG_CXX_LANGUAGE_STANDARD = "gnu++0x";
				CLANG_CXX_LIBRARY = "libc++";
				CLANG_ENABLE_MODULES = YES;
				CLANG_ENABLE_OBJC_ARC = YES;
				CLANG_WARN_BOOL_CONVERSION = YES;
				CLANG_WARN_CONSTANT_CONVERSION = YES;
				CLANG_WARN_DIRECT_OBJC_ISA_USAGE = YES_ERROR;
				CLANG_WARN_EMPTY_BODY = YES;
				CLANG_WARN_ENUM_CONVERSION = YES;
				CLANG_WARN_INT_CONVERSION = YES;
				CLANG_WARN_OBJC_ROOT_CLASS = YES_ERROR;
				CLANG_WARN_UNREACHABLE_CODE = YES;
				CLANG_WARN__DUPLICATE_METHOD_MATCH = YES;
				"CODE_SIGN_IDENTITY[sdk=iphoneos*]" = "iPhone Developer";
				COPY_PHASE_STRIP = NO;
				DEBUG_INFORMATION_FORMAT = dwarf;
				ENABLE_STRICT_OBJC_MSGSEND = YES;
				ENABLE_TESTABILITY = YES;
				GCC_C_LANGUAGE_STANDARD = gnu99;
				GCC_DYNAMIC_NO_PIC = NO;
				GCC_NO_COMMON_BLOCKS = YES;
				GCC_OPTIMIZATION_LEVEL = 0;
				GCC_PREPROCESSOR_DEFINITIONS = (
					"DEBUG=1",
					"$(inherited)",
				);
				GCC_WARN_64_TO_32_BIT_CONVERSION = YES;
				GCC_WARN_ABOUT_RETURN_TYPE = YES_ERROR;
				GCC_WARN_UNDECLARED_SELECTOR = YES;
				GCC_WARN_UNINITIALIZED_AUTOS = YES_AGGRESSIVE;
				GCC_WARN_UNUSED_FUNCTION = YES;
				GCC_WARN_UNUSED_VARIABLE = YES;
				IPHONEOS_DEPLOYMENT_TARGET = 9.3;
				MTL_ENABLE_DEBUG_INFO = YES;
				ONLY_ACTIVE_ARCH = YES;
				SDKROOT = iphoneos;
				SWIFT_OPTIMIZATION_LEVEL = "-Onone";
			};
			name = Debug;
		};
		BCD79CEC1E7A714000F50DC4 /* Release */ = {
			isa = XCBuildConfiguration;
			buildSettings = {
				ALWAYS_SEARCH_USER_PATHS = NO;
				CLANG_ANALYZER_NONNULL = YES;
				CLANG_CXX_LANGUAGE_STANDARD = "gnu++0x";
				CLANG_CXX_LIBRARY = "libc++";
				CLANG_ENABLE_MODULES = YES;
				CLANG_ENABLE_OBJC_ARC = YES;
				CLANG_WARN_BOOL_CONVERSION = YES;
				CLANG_WARN_CONSTANT_CONVERSION = YES;
				CLANG_WARN_DIRECT_OBJC_ISA_USAGE = YES_ERROR;
				CLANG_WARN_EMPTY_BODY = YES;
				CLANG_WARN_ENUM_CONVERSION = YES;
				CLANG_WARN_INT_CONVERSION = YES;
				CLANG_WARN_OBJC_ROOT_CLASS = YES_ERROR;
				CLANG_WARN_UNREACHABLE_CODE = YES;
				CLANG_WARN__DUPLICATE_METHOD_MATCH = YES;
				"CODE_SIGN_IDENTITY[sdk=iphoneos*]" = "iPhone Developer";
				COPY_PHASE_STRIP = NO;
				DEBUG_INFORMATION_FORMAT = "dwarf-with-dsym";
				ENABLE_NS_ASSERTIONS = NO;
				ENABLE_STRICT_OBJC_MSGSEND = YES;
				GCC_C_LANGUAGE_STANDARD = gnu99;
				GCC_NO_COMMON_BLOCKS = YES;
				GCC_WARN_64_TO_32_BIT_CONVERSION = YES;
				GCC_WARN_ABOUT_RETURN_TYPE = YES_ERROR;
				GCC_WARN_UNDECLARED_SELECTOR = YES;
				GCC_WARN_UNINITIALIZED_AUTOS = YES_AGGRESSIVE;
				GCC_WARN_UNUSED_FUNCTION = YES;
				GCC_WARN_UNUSED_VARIABLE = YES;
				IPHONEOS_DEPLOYMENT_TARGET = 9.3;
				MTL_ENABLE_DEBUG_INFO = NO;
				SDKROOT = iphoneos;
				VALIDATE_PRODUCT = YES;
			};
			name = Release;
		};
		BCD79CEE1E7A714000F50DC4 /* Debug */ = {
			isa = XCBuildConfiguration;
			buildSettings = {
				ASSETCATALOG_COMPILER_APPICON_NAME = AppIcon;
				INFOPLIST_FILE = Pagination/Info.plist;
				LD_RUNPATH_SEARCH_PATHS = "$(inherited) @executable_path/Frameworks";
				PRODUCT_BUNDLE_IDENTIFIER = com.letsappit.Pagination;
				PRODUCT_NAME = "$(TARGET_NAME)";
			};
			name = Debug;
		};
		BCD79CEF1E7A714000F50DC4 /* Release */ = {
			isa = XCBuildConfiguration;
			buildSettings = {
				ASSETCATALOG_COMPILER_APPICON_NAME = AppIcon;
				INFOPLIST_FILE = Pagination/Info.plist;
				LD_RUNPATH_SEARCH_PATHS = "$(inherited) @executable_path/Frameworks";
				PRODUCT_BUNDLE_IDENTIFIER = com.letsappit.Pagination;
				PRODUCT_NAME = "$(TARGET_NAME)";
			};
			name = Release;
		};
/* End XCBuildConfiguration section */

/* Begin XCConfigurationList section */
		BCD79CD61E7A714000F50DC4 /* Build configuration list for PBXProject "Pagination" */ = {
			isa = XCConfigurationList;
			buildConfigurations = (
				BCD79CEB1E7A714000F50DC4 /* Debug */,
				BCD79CEC1E7A714000F50DC4 /* Release */,
			);
			defaultConfigurationIsVisible = 0;
			defaultConfigurationName = Release;
		};
		BCD79CED1E7A714000F50DC4 /* Build configuration list for PBXNativeTarget "Pagination" */ = {
			isa = XCConfigurationList;
			buildConfigurations = (
				BCD79CEE1E7A714000F50DC4 /* Debug */,
				BCD79CEF1E7A714000F50DC4 /* Release */,
			);
			defaultConfigurationIsVisible = 0;
		};
/* End XCConfigurationList section */
	};
	rootObject = BCD79CD31E7A714000F50DC4 /* Project object */;
}
